
Microsoft Visual Studio Solution File, Format Version 12.00
# Visual Studio Version 16
VisualStudioVersion = 16.0.29102.190
MinimumVisualStudioVersion = 10.0.40219.1
Project("{FAE04EC0-301F-11D3-BF4B-00C04F79EFBC}") = "Jeedom.API", "Jeedom.API\Jeedom.API.csproj", "{1BC57066-C7D9-4EDE-B460-5FB33E33E6B6}"
EndProject
Project("{FAE04EC0-301F-11D3-BF4B-00C04F79EFBC}") = "Jeedom.API.Test", "Jeedom.API.Test\Jeedom.API.Test.csproj", "{689A719F-B804-4BCB-B801-AD209F08795A}"
EndProject
Global
	GlobalSection(SolutionConfigurationPlatforms) = preSolution
		Debug|Any CPU = Debug|Any CPU
		Release|Any CPU = Release|Any CPU
	EndGlobalSection
	GlobalSection(ProjectConfigurationPlatforms) = postSolution
		{1BC57066-C7D9-4EDE-B460-5FB33E33E6B6}.Debug|Any CPU.ActiveCfg = Debug|Any CPU
		{1BC57066-C7D9-4EDE-B460-5FB33E33E6B6}.Debug|Any CPU.Build.0 = Debug|Any CPU
		{1BC57066-C7D9-4EDE-B460-5FB33E33E6B6}.Release|Any CPU.ActiveCfg = Release|Any CPU
		{1BC57066-C7D9-4EDE-B460-5FB33E33E6B6}.Release|Any CPU.Build.0 = Release|Any CPU
		{689A719F-B804-4BCB-B801-AD209F08795A}.Debug|Any CPU.ActiveCfg = Debug|Any CPU
		{689A719F-B804-4BCB-B801-AD209F08795A}.Debug|Any CPU.Build.0 = Debug|Any CPU
		{689A719F-B804-4BCB-B801-AD209F08795A}.Release|Any CPU.ActiveCfg = Release|Any CPU
		{689A719F-B804-4BCB-B801-AD209F08795A}.Release|Any CPU.Build.0 = Release|Any CPU
	EndGlobalSection
	GlobalSection(SolutionProperties) = preSolution
		HideSolutionNode = FALSE
	EndGlobalSection
	GlobalSection(ExtensibilityGlobals) = postSolution
		SolutionGuid = {14719EF5-9532-47D9-9E40-BBCD8446D684}
	EndGlobalSection
EndGlobal
